
Microsoft Visual Studio Solution File, Format Version 12.00
# Visual Studio 14
VisualStudioVersion = 14.0.25420.1
MinimumVisualStudioVersion = 10.0.40219.1
Project("{FAE04EC0-301F-11D3-BF4B-00C04F79EFBC}") = "SetVersion", "SetVersion\SetVersion.csproj", "{3EF8F93D-097E-476E-AFB9-CB7B5234ADD1}"
EndProject
Project("{FAE04EC0-301F-11D3-BF4B-00C04F79EFBC}") = "SampleApplication", "SampleApplication\SampleApplication.csproj", "{AC984080-CA73-4EAD-B19A-18A645F96D8F}"
EndProject
Global
	GlobalSection(SolutionConfigurationPlatforms) = preSolution
		Debug|Any CPU = Debug|Any CPU
		Release|Any CPU = Release|Any CPU
	EndGlobalSection
	GlobalSection(ProjectConfigurationPlatforms) = postSolution
		{3EF8F93D-097E-476E-AFB9-CB7B5234ADD1}.Debug|Any CPU.ActiveCfg = Debug|Any CPU
		{3EF8F93D-097E-476E-AFB9-CB7B5234ADD1}.Debug|Any CPU.Build.0 = Debug|Any CPU
		{3EF8F93D-097E-476E-AFB9-CB7B5234ADD1}.Release|Any CPU.ActiveCfg = Release|Any CPU
		{3EF8F93D-097E-476E-AFB9-CB7B5234ADD1}.Release|Any CPU.Build.0 = Release|Any CPU
		{AC984080-CA73-4EAD-B19A-18A645F96D8F}.Debug|Any CPU.ActiveCfg = Debug|Any CPU
		{AC984080-CA73-4EAD-B19A-18A645F96D8F}.Debug|Any CPU.Build.0 = Debug|Any CPU
		{AC984080-CA73-4EAD-B19A-18A645F96D8F}.Release|Any CPU.ActiveCfg = Release|Any CPU
		{AC984080-CA73-4EAD-B19A-18A645F96D8F}.Release|Any CPU.Build.0 = Release|Any CPU
	EndGlobalSection
	GlobalSection(SolutionProperties) = preSolution
		HideSolutionNode = FALSE
	EndGlobalSection
EndGlobal
